
Microsoft Visual Studio Solution File, Format Version 12.00
# Visual Studio Version 17
VisualStudioVersion = 17.11.35303.130
MinimumVisualStudioVersion = 10.0.40219.1
Project("{FAE04EC0-301F-11D3-BF4B-00C04F79EFBC}") = "AreaCirculoAppMvvm", "AreaCirculoAppMvvm\AreaCirculoAppMvvm.csproj", "{72DA7022-4628-4BFA-B1DA-07D12F03CAA1}"
EndProject
Global
	GlobalSection(SolutionConfigurationPlatforms) = preSolution
		Debug|Any CPU = Debug|Any CPU
		Release|Any CPU = Release|Any CPU
	EndGlobalSection
	GlobalSection(ProjectConfigurationPlatforms) = postSolution
		{72DA7022-4628-4BFA-B1DA-07D12F03CAA1}.Debug|Any CPU.ActiveCfg = Debug|Any CPU
		{72DA7022-4628-4BFA-B1DA-07D12F03CAA1}.Debug|Any CPU.Build.0 = Debug|Any CPU
		{72DA7022-4628-4BFA-B1DA-07D12F03CAA1}.Debug|Any CPU.Deploy.0 = Debug|Any CPU
		{72DA7022-4628-4BFA-B1DA-07D12F03CAA1}.Release|Any CPU.ActiveCfg = Release|Any CPU
		{72DA7022-4628-4BFA-B1DA-07D12F03CAA1}.Release|Any CPU.Build.0 = Release|Any CPU
		{72DA7022-4628-4BFA-B1DA-07D12F03CAA1}.Release|Any CPU.Deploy.0 = Release|Any CPU
	EndGlobalSection
	GlobalSection(SolutionProperties) = preSolution
		HideSolutionNode = FALSE
	EndGlobalSection
	GlobalSection(ExtensibilityGlobals) = postSolution
		SolutionGuid = {1A76F0D6-5339-4FAF-8534-08D3D77ADDA1}
	EndGlobalSection
EndGlobal
